
Microsoft Visual Studio Solution File, Format Version 12.00
# Visual Studio Version 16
VisualStudioVersion = 16.0.31129.286
MinimumVisualStudioVersion = 10.0.40219.1
Project("{FAE04EC0-301F-11D3-BF4B-00C04F79EFBC}") = "4.fieldcorrection", "demos\fieldcorrection\4.fieldcorrection.csproj", "{86B03BA5-B828-4B15-909C-7A844408E103}"
EndProject
Project("{FAE04EC0-301F-11D3-BF4B-00C04F79EFBC}") = "6.groupandpen", "demos\groupandpen\6.groupandpen.csproj", "{5F2C87A3-9AB3-4A30-8A53-762AF0192741}"
EndProject
Project("{FAE04EC0-301F-11D3-BF4B-00C04F79EFBC}") = "3.opensave", "demos\opensave\3.opensave.csproj", "{C2D7698C-14F1-4C36-935E-8F13335E72FB}"
EndProject
Project("{FAE04EC0-301F-11D3-BF4B-00C04F79EFBC}") = "5.penparameter", "demos\penparameter\5.penparameter.csproj", "{CD7BD822-C4A4-45EA-A7E5-C6782B44D3C7}"
EndProject
Project("{FAE04EC0-301F-11D3-BF4B-00C04F79EFBC}") = "1.markshapes", "demos\markshapes\1.markshapes.csproj", "{F1B75DC5-865B-4D32-BC6D-9E103DC9CACC}"
EndProject
Project("{FAE04EC0-301F-11D3-BF4B-00C04F79EFBC}") = "2.markbymatrix", "demos\markbymatrix\2.markbymatrix.csproj", "{41936F50-903A-4B09-BC77-78ED9696B97B}"
EndProject
Project("{FAE04EC0-301F-11D3-BF4B-00C04F79EFBC}") = "7.markbymarker", "demos\markbymarker\7.markbymarker.csproj", "{8566B40C-E213-477B-B9A5-1CDDFACBFAD8}"
EndProject
Project("{FAE04EC0-301F-11D3-BF4B-00C04F79EFBC}") = "20.editor", "demos\editor\20.editor.csproj", "{CBCB99F9-3CFD-4BA5-AE13-1C4303B64930}"
EndProject
Project("{FAE04EC0-301F-11D3-BF4B-00C04F79EFBC}") = "21.viewer", "demos\viewer\21.viewer.csproj", "{70180DF5-383B-411B-B6C4-C6BDD50B7A02}"
EndProject
Project("{FAE04EC0-301F-11D3-BF4B-00C04F79EFBC}") = "22.editor_viewer", "demos\editor_viewer\22.editor_viewer.csproj", "{240EF784-02F2-4309-B4F9-A162F3B66C1D}"
EndProject
Project("{FAE04EC0-301F-11D3-BF4B-00C04F79EFBC}") = "23.multipleviews", "demos\multipleviews\23.multipleviews.csproj", "{F01B114D-5D89-4AA3-B259-1A13EC843757}"
EndProject
Project("{FAE04EC0-301F-11D3-BF4B-00C04F79EFBC}") = "8.customlasermarker", "demos\customlasermarker\8.customlasermarker.csproj", "{90EE71A3-6B53-4A07-AB43-A5F77C0FE38A}"
EndProject
Project("{FAE04EC0-301F-11D3-BF4B-00C04F79EFBC}") = "18.motf_dualhead_ext", "demos\motf\18.motf_dualhead_ext.csproj", "{566C61AB-7245-443F-B68E-7D288D513D41}"
EndProject
Project("{FAE04EC0-301F-11D3-BF4B-00C04F79EFBC}") = "19.syncaxis", "demos\syncaxisdemo\19.syncaxis.csproj", "{51DB3B7A-69F8-49AC-A6C0-A6600BD67537}"
EndProject
Project("{FAE04EC0-301F-11D3-BF4B-00C04F79EFBC}") = "13.motf2", "demos\motf2\13.motf2.csproj", "{CBCB99F9-3CFD-4BA5-AE13-1C4303B64F30}"
EndProject
Project("{FAE04EC0-301F-11D3-BF4B-00C04F79EFBC}") = "15.characterset", "demos\characterset\15.characterset.csproj", "{C19F3493-AC05-46F6-A748-2C6F6B4F6F0C}"
EndProject
Project("{FAE04EC0-301F-11D3-BF4B-00C04F79EFBC}") = "24.editor_wpf", "demos\editor_wpf\24.editor_wpf.csproj", "{D781C528-2B18-43FC-B7FC-5F2ED6656E4D}"
EndProject
Project("{2150E333-8FDC-42A3-9474-1A3956D46DE8}") = "Solution Items", "Solution Items", "{2EAB30E8-DE1F-4D08-9A34-24E8312DC2A9}"
	ProjectSection(SolutionItems) = preProject
		README.md = README.md
	EndProjectSection
EndProject
Project("{FAE04EC0-301F-11D3-BF4B-00C04F79EFBC}") = "16.autolasercontrol", "demos\autolasercontrol\16.autolasercontrol.csproj", "{DC232EFB-EEC0-4FB6-A8D8-1DE4E0B05EF0}"
EndProject
Project("{FAE04EC0-301F-11D3-BF4B-00C04F79EFBC}") = "25.customeditor", "demos\customeditor\25.customeditor.csproj", "{B5606A31-1F51-46E4-A4DC-66DE583BD69D}"
EndProject
Project("{8BC9CEB8-8B4A-11D0-8D11-00A0C91BC942}") = "26.cppinterops", "demos\cppinterops\cppinterops.vcxproj", "{A3D1347B-786B-4AFE-A7D8-CDCF55BBEC54}"
EndProject
Project("{FAE04EC0-301F-11D3-BF4B-00C04F79EFBC}") = "30.sirius", "demos\sirius\30.sirius.csproj", "{2EBF0D5E-7697-4A1F-8715-7F7023EF13CC}"
EndProject
Project("{FAE04EC0-301F-11D3-BF4B-00C04F79EFBC}") = "27.editor_custompen", "demos\editor_custompen\27.editor_custompen.csproj", "{D630D123-9932-4901-A733-4EF20E96A8E2}"
EndProject
Project("{FAE04EC0-301F-11D3-BF4B-00C04F79EFBC}") = "15.syncaxis", "demos\syncaxis\15.syncaxis.csproj", "{903D7E83-2AB9-4274-B134-C356AA37F4FC}"
EndProject
Global
	GlobalSection(SolutionConfigurationPlatforms) = preSolution
		Debug|Any CPU = Debug|Any CPU
		Debug|x64 = Debug|x64
		Debug|x86 = Debug|x86
		Release|Any CPU = Release|Any CPU
		Release|x64 = Release|x64
		Release|x86 = Release|x86
	EndGlobalSection
	GlobalSection(ProjectConfigurationPlatforms) = postSolution
		{86B03BA5-B828-4B15-909C-7A844408E103}.Debug|Any CPU.ActiveCfg = Debug|Any CPU
		{86B03BA5-B828-4B15-909C-7A844408E103}.Debug|Any CPU.Build.0 = Debug|Any CPU
		{86B03BA5-B828-4B15-909C-7A844408E103}.Debug|x64.ActiveCfg = Debug|Any CPU
		{86B03BA5-B828-4B15-909C-7A844408E103}.Debug|x64.Build.0 = Debug|Any CPU
		{86B03BA5-B828-4B15-909C-7A844408E103}.Debug|x86.ActiveCfg = Debug|Any CPU
		{86B03BA5-B828-4B15-909C-7A844408E103}.Debug|x86.Build.0 = Debug|Any CPU
		{86B03BA5-B828-4B15-909C-7A844408E103}.Release|Any CPU.ActiveCfg = Release|Any CPU
		{86B03BA5-B828-4B15-909C-7A844408E103}.Release|Any CPU.Build.0 = Release|Any CPU
		{86B03BA5-B828-4B15-909C-7A844408E103}.Release|x64.ActiveCfg = Release|Any CPU
		{86B03BA5-B828-4B15-909C-7A844408E103}.Release|x64.Build.0 = Release|Any CPU
		{86B03BA5-B828-4B15-909C-7A844408E103}.Release|x86.ActiveCfg = Release|Any CPU
		{86B03BA5-B828-4B15-909C-7A844408E103}.Release|x86.Build.0 = Release|Any CPU
		{5F2C87A3-9AB3-4A30-8A53-762AF0192741}.Debug|Any CPU.ActiveCfg = Debug|Any CPU
		{5F2C87A3-9AB3-4A30-8A53-762AF0192741}.Debug|Any CPU.Build.0 = Debug|Any CPU
		{5F2C87A3-9AB3-4A30-8A53-762AF0192741}.Debug|x64.ActiveCfg = Debug|Any CPU
		{5F2C87A3-9AB3-4A30-8A53-762AF0192741}.Debug|x64.Build.0 = Debug|Any CPU
		{5F2C87A3-9AB3-4A30-8A53-762AF0192741}.Debug|x86.ActiveCfg = Debug|Any CPU
		{5F2C87A3-9AB3-4A30-8A53-762AF0192741}.Debug|x86.Build.0 = Debug|Any CPU
		{5F2C87A3-9AB3-4A30-8A53-762AF0192741}.Release|Any CPU.ActiveCfg = Release|Any CPU
		{5F2C87A3-9AB3-4A30-8A53-762AF0192741}.Release|Any CPU.Build.0 = Release|Any CPU
		{5F2C87A3-9AB3-4A30-8A53-762AF0192741}.Release|x64.ActiveCfg = Release|Any CPU
		{5F2C87A3-9AB3-4A30-8A53-762AF0192741}.Release|x64.Build.0 = Release|Any CPU
		{5F2C87A3-9AB3-4A30-8A53-762AF0192741}.Release|x86.ActiveCfg = Release|Any CPU
		{5F2C87A3-9AB3-4A30-8A53-762AF0192741}.Release|x86.Build.0 = Release|Any CPU
		{C2D7698C-14F1-4C36-935E-8F13335E72FB}.Debug|Any CPU.ActiveCfg = Debug|Any CPU
		{C2D7698C-14F1-4C36-935E-8F13335E72FB}.Debug|Any CPU.Build.0 = Debug|Any CPU
		{C2D7698C-14F1-4C36-935E-8F13335E72FB}.Debug|x64.ActiveCfg = Debug|Any CPU
		{C2D7698C-14F1-4C36-935E-8F13335E72FB}.Debug|x64.Build.0 = Debug|Any CPU
		{C2D7698C-14F1-4C36-935E-8F13335E72FB}.Debug|x86.ActiveCfg = Debug|Any CPU
		{C2D7698C-14F1-4C36-935E-8F13335E72FB}.Debug|x86.Build.0 = Debug|Any CPU
		{C2D7698C-14F1-4C36-935E-8F13335E72FB}.Release|Any CPU.ActiveCfg = Release|Any CPU
		{C2D7698C-14F1-4C36-935E-8F13335E72FB}.Release|Any CPU.Build.0 = Release|Any CPU
		{C2D7698C-14F1-4C36-935E-8F13335E72FB}.Release|x64.ActiveCfg = Release|Any CPU
		{C2D7698C-14F1-4C36-935E-8F13335E72FB}.Release|x64.Build.0 = Release|Any CPU
		{C2D7698C-14F1-4C36-935E-8F13335E72FB}.Release|x86.ActiveCfg = Release|Any CPU
		{C2D7698C-14F1-4C36-935E-8F13335E72FB}.Release|x86.Build.0 = Release|Any CPU
		{CD7BD822-C4A4-45EA-A7E5-C6782B44D3C7}.Debug|Any CPU.ActiveCfg = Debug|Any CPU
		{CD7BD822-C4A4-45EA-A7E5-C6782B44D3C7}.Debug|Any CPU.Build.0 = Debug|Any CPU
		{CD7BD822-C4A4-45EA-A7E5-C6782B44D3C7}.Debug|x64.ActiveCfg = Debug|Any CPU
		{CD7BD822-C4A4-45EA-A7E5-C6782B44D3C7}.Debug|x64.Build.0 = Debug|Any CPU
		{CD7BD822-C4A4-45EA-A7E5-C6782B44D3C7}.Debug|x86.ActiveCfg = Debug|Any CPU
		{CD7BD822-C4A4-45EA-A7E5-C6782B44D3C7}.Debug|x86.Build.0 = Debug|Any CPU
		{CD7BD822-C4A4-45EA-A7E5-C6782B44D3C7}.Release|Any CPU.ActiveCfg = Release|Any CPU
		{CD7BD822-C4A4-45EA-A7E5-C6782B44D3C7}.Release|Any CPU.Build.0 = Release|Any CPU
		{CD7BD822-C4A4-45EA-A7E5-C6782B44D3C7}.Release|x64.ActiveCfg = Release|Any CPU
		{CD7BD822-C4A4-45EA-A7E5-C6782B44D3C7}.Release|x64.Build.0 = Release|Any CPU
		{CD7BD822-C4A4-45EA-A7E5-C6782B44D3C7}.Release|x86.ActiveCfg = Release|Any CPU
		{CD7BD822-C4A4-45EA-A7E5-C6782B44D3C7}.Release|x86.Build.0 = Release|Any CPU
		{F1B75DC5-865B-4D32-BC6D-9E103DC9CACC}.Debug|Any CPU.ActiveCfg = Debug|Any CPU
		{F1B75DC5-865B-4D32-BC6D-9E103DC9CACC}.Debug|Any CPU.Build.0 = Debug|Any CPU
		{F1B75DC5-865B-4D32-BC6D-9E103DC9CACC}.Debug|x64.ActiveCfg = Debug|Any CPU
		{F1B75DC5-865B-4D32-BC6D-9E103DC9CACC}.Debug|x64.Build.0 = Debug|Any CPU
		{F1B75DC5-865B-4D32-BC6D-9E103DC9CACC}.Debug|x86.ActiveCfg = Debug|Any CPU
		{F1B75DC5-865B-4D32-BC6D-9E103DC9CACC}.Debug|x86.Build.0 = Debug|Any CPU
		{F1B75DC5-865B-4D32-BC6D-9E103DC9CACC}.Release|Any CPU.ActiveCfg = Release|Any CPU
		{F1B75DC5-865B-4D32-BC6D-9E103DC9CACC}.Release|Any CPU.Build.0 = Release|Any CPU
		{F1B75DC5-865B-4D32-BC6D-9E103DC9CACC}.Release|x64.ActiveCfg = Release|Any CPU
		{F1B75DC5-865B-4D32-BC6D-9E103DC9CACC}.Release|x64.Build.0 = Release|Any CPU
		{F1B75DC5-865B-4D32-BC6D-9E103DC9CACC}.Release|x86.ActiveCfg = Release|Any CPU
		{F1B75DC5-865B-4D32-BC6D-9E103DC9CACC}.Release|x86.Build.0 = Release|Any CPU
		{41936F50-903A-4B09-BC77-78ED9696B97B}.Debug|Any CPU.ActiveCfg = Debug|Any CPU
		{41936F50-903A-4B09-BC77-78ED9696B97B}.Debug|Any CPU.Build.0 = Debug|Any CPU
		{41936F50-903A-4B09-BC77-78ED9696B97B}.Debug|x64.ActiveCfg = Debug|Any CPU
		{41936F50-903A-4B09-BC77-78ED9696B97B}.Debug|x64.Build.0 = Debug|Any CPU
		{41936F50-903A-4B09-BC77-78ED9696B97B}.Debug|x86.ActiveCfg = Debug|Any CPU
		{41936F50-903A-4B09-BC77-78ED9696B97B}.Debug|x86.Build.0 = Debug|Any CPU
		{41936F50-903A-4B09-BC77-78ED9696B97B}.Release|Any CPU.ActiveCfg = Release|Any CPU
		{41936F50-903A-4B09-BC77-78ED9696B97B}.Release|Any CPU.Build.0 = Release|Any CPU
		{41936F50-903A-4B09-BC77-78ED9696B97B}.Release|x64.ActiveCfg = Release|Any CPU
		{41936F50-903A-4B09-BC77-78ED9696B97B}.Release|x64.Build.0 = Release|Any CPU
		{41936F50-903A-4B09-BC77-78ED9696B97B}.Release|x86.ActiveCfg = Release|Any CPU
		{41936F50-903A-4B09-BC77-78ED9696B97B}.Release|x86.Build.0 = Release|Any CPU
		{8566B40C-E213-477B-B9A5-1CDDFACBFAD8}.Debug|Any CPU.ActiveCfg = Debug|Any CPU
		{8566B40C-E213-477B-B9A5-1CDDFACBFAD8}.Debug|Any CPU.Build.0 = Debug|Any CPU
		{8566B40C-E213-477B-B9A5-1CDDFACBFAD8}.Debug|x64.ActiveCfg = Debug|Any CPU
		{8566B40C-E213-477B-B9A5-1CDDFACBFAD8}.Debug|x64.Build.0 = Debug|Any CPU
		{8566B40C-E213-477B-B9A5-1CDDFACBFAD8}.Debug|x86.ActiveCfg = Debug|Any CPU
		{8566B40C-E213-477B-B9A5-1CDDFACBFAD8}.Debug|x86.Build.0 = Debug|Any CPU
		{8566B40C-E213-477B-B9A5-1CDDFACBFAD8}.Release|Any CPU.ActiveCfg = Release|Any CPU
		{8566B40C-E213-477B-B9A5-1CDDFACBFAD8}.Release|Any CPU.Build.0 = Release|Any CPU
		{8566B40C-E213-477B-B9A5-1CDDFACBFAD8}.Release|x64.ActiveCfg = Release|Any CPU
		{8566B40C-E213-477B-B9A5-1CDDFACBFAD8}.Release|x64.Build.0 = Release|Any CPU
		{8566B40C-E213-477B-B9A5-1CDDFACBFAD8}.Release|x86.ActiveCfg = Release|Any CPU
		{8566B40C-E213-477B-B9A5-1CDDFACBFAD8}.Release|x86.Build.0 = Release|Any CPU
		{CBCB99F9-3CFD-4BA5-AE13-1C4303B64930}.Debug|Any CPU.ActiveCfg = Debug|Any CPU
		{CBCB99F9-3CFD-4BA5-AE13-1C4303B64930}.Debug|Any CPU.Build.0 = Debug|Any CPU
		{CBCB99F9-3CFD-4BA5-AE13-1C4303B64930}.Debug|x64.ActiveCfg = Debug|Any CPU
		{CBCB99F9-3CFD-4BA5-AE13-1C4303B64930}.Debug|x64.Build.0 = Debug|Any CPU
		{CBCB99F9-3CFD-4BA5-AE13-1C4303B64930}.Debug|x86.ActiveCfg = Debug|Any CPU
		{CBCB99F9-3CFD-4BA5-AE13-1C4303B64930}.Debug|x86.Build.0 = Debug|Any CPU
		{CBCB99F9-3CFD-4BA5-AE13-1C4303B64930}.Release|Any CPU.ActiveCfg = Release|Any CPU
		{CBCB99F9-3CFD-4BA5-AE13-1C4303B64930}.Release|Any CPU.Build.0 = Release|Any CPU
		{CBCB99F9-3CFD-4BA5-AE13-1C4303B64930}.Release|x64.ActiveCfg = Release|Any CPU
		{CBCB99F9-3CFD-4BA5-AE13-1C4303B64930}.Release|x64.Build.0 = Release|Any CPU
		{CBCB99F9-3CFD-4BA5-AE13-1C4303B64930}.Release|x86.ActiveCfg = Release|Any CPU
		{CBCB99F9-3CFD-4BA5-AE13-1C4303B64930}.Release|x86.Build.0 = Release|Any CPU
		{70180DF5-383B-411B-B6C4-C6BDD50B7A02}.Debug|Any CPU.ActiveCfg = Debug|Any CPU
		{70180DF5-383B-411B-B6C4-C6BDD50B7A02}.Debug|Any CPU.Build.0 = Debug|Any CPU
		{70180DF5-383B-411B-B6C4-C6BDD50B7A02}.Debug|x64.ActiveCfg = Debug|Any CPU
		{70180DF5-383B-411B-B6C4-C6BDD50B7A02}.Debug|x64.Build.0 = Debug|Any CPU
		{70180DF5-383B-411B-B6C4-C6BDD50B7A02}.Debug|x86.ActiveCfg = Debug|Any CPU
		{70180DF5-383B-411B-B6C4-C6BDD50B7A02}.Debug|x86.Build.0 = Debug|Any CPU
		{70180DF5-383B-411B-B6C4-C6BDD50B7A02}.Release|Any CPU.ActiveCfg = Release|Any CPU
		{70180DF5-383B-411B-B6C4-C6BDD50B7A02}.Release|Any CPU.Build.0 = Release|Any CPU
		{70180DF5-383B-411B-B6C4-C6BDD50B7A02}.Release|x64.ActiveCfg = Release|Any CPU
		{70180DF5-383B-411B-B6C4-C6BDD50B7A02}.Release|x64.Build.0 = Release|Any CPU
		{70180DF5-383B-411B-B6C4-C6BDD50B7A02}.Release|x86.ActiveCfg = Release|Any CPU
		{70180DF5-383B-411B-B6C4-C6BDD50B7A02}.Release|x86.Build.0 = Release|Any CPU
		{240EF784-02F2-4309-B4F9-A162F3B66C1D}.Debug|Any CPU.ActiveCfg = Debug|Any CPU
		{240EF784-02F2-4309-B4F9-A162F3B66C1D}.Debug|Any CPU.Build.0 = Debug|Any CPU
		{240EF784-02F2-4309-B4F9-A162F3B66C1D}.Debug|x64.ActiveCfg = Debug|Any CPU
		{240EF784-02F2-4309-B4F9-A162F3B66C1D}.Debug|x64.Build.0 = Debug|Any CPU
		{240EF784-02F2-4309-B4F9-A162F3B66C1D}.Debug|x86.ActiveCfg = Debug|Any CPU
		{240EF784-02F2-4309-B4F9-A162F3B66C1D}.Debug|x86.Build.0 = Debug|Any CPU
		{240EF784-02F2-4309-B4F9-A162F3B66C1D}.Release|Any CPU.ActiveCfg = Release|Any CPU
		{240EF784-02F2-4309-B4F9-A162F3B66C1D}.Release|Any CPU.Build.0 = Release|Any CPU
		{240EF784-02F2-4309-B4F9-A162F3B66C1D}.Release|x64.ActiveCfg = Release|Any CPU
		{240EF784-02F2-4309-B4F9-A162F3B66C1D}.Release|x64.Build.0 = Release|Any CPU
		{240EF784-02F2-4309-B4F9-A162F3B66C1D}.Release|x86.ActiveCfg = Release|Any CPU
		{240EF784-02F2-4309-B4F9-A162F3B66C1D}.Release|x86.Build.0 = Release|Any CPU
		{F01B114D-5D89-4AA3-B259-1A13EC843757}.Debug|Any CPU.ActiveCfg = Debug|Any CPU
		{F01B114D-5D89-4AA3-B259-1A13EC843757}.Debug|Any CPU.Build.0 = Debug|Any CPU
		{F01B114D-5D89-4AA3-B259-1A13EC843757}.Debug|x64.ActiveCfg = Debug|Any CPU
		{F01B114D-5D89-4AA3-B259-1A13EC843757}.Debug|x64.Build.0 = Debug|Any CPU
		{F01B114D-5D89-4AA3-B259-1A13EC843757}.Debug|x86.ActiveCfg = Debug|Any CPU
		{F01B114D-5D89-4AA3-B259-1A13EC843757}.Debug|x86.Build.0 = Debug|Any CPU
		{F01B114D-5D89-4AA3-B259-1A13EC843757}.Release|Any CPU.ActiveCfg = Release|Any CPU
		{F01B114D-5D89-4AA3-B259-1A13EC843757}.Release|Any CPU.Build.0 = Release|Any CPU
		{F01B114D-5D89-4AA3-B259-1A13EC843757}.Release|x64.ActiveCfg = Release|Any CPU
		{F01B114D-5D89-4AA3-B259-1A13EC843757}.Release|x64.Build.0 = Release|Any CPU
		{F01B114D-5D89-4AA3-B259-1A13EC843757}.Release|x86.ActiveCfg = Release|Any CPU
		{F01B114D-5D89-4AA3-B259-1A13EC843757}.Release|x86.Build.0 = Release|Any CPU
		{90EE71A3-6B53-4A07-AB43-A5F77C0FE38A}.Debug|Any CPU.ActiveCfg = Debug|Any CPU
		{90EE71A3-6B53-4A07-AB43-A5F77C0FE38A}.Debug|Any CPU.Build.0 = Debug|Any CPU
		{90EE71A3-6B53-4A07-AB43-A5F77C0FE38A}.Debug|x64.ActiveCfg = Debug|Any CPU
		{90EE71A3-6B53-4A07-AB43-A5F77C0FE38A}.Debug|x64.Build.0 = Debug|Any CPU
		{90EE71A3-6B53-4A07-AB43-A5F77C0FE38A}.Debug|x86.ActiveCfg = Debug|Any CPU
		{90EE71A3-6B53-4A07-AB43-A5F77C0FE38A}.Debug|x86.Build.0 = Debug|Any CPU
		{90EE71A3-6B53-4A07-AB43-A5F77C0FE38A}.Release|Any CPU.ActiveCfg = Release|Any CPU
		{90EE71A3-6B53-4A07-AB43-A5F77C0FE38A}.Release|Any CPU.Build.0 = Release|Any CPU
		{90EE71A3-6B53-4A07-AB43-A5F77C0FE38A}.Release|x64.ActiveCfg = Release|Any CPU
		{90EE71A3-6B53-4A07-AB43-A5F77C0FE38A}.Release|x64.Build.0 = Release|Any CPU
		{90EE71A3-6B53-4A07-AB43-A5F77C0FE38A}.Release|x86.ActiveCfg = Release|Any CPU
		{90EE71A3-6B53-4A07-AB43-A5F77C0FE38A}.Release|x86.Build.0 = Release|Any CPU
		{566C61AB-7245-443F-B68E-7D288D513D41}.Debug|Any CPU.ActiveCfg = Debug|Any CPU
		{566C61AB-7245-443F-B68E-7D288D513D41}.Debug|Any CPU.Build.0 = Debug|Any CPU
		{566C61AB-7245-443F-B68E-7D288D513D41}.Debug|x64.ActiveCfg = Debug|Any CPU
		{566C61AB-7245-443F-B68E-7D288D513D41}.Debug|x64.Build.0 = Debug|Any CPU
		{566C61AB-7245-443F-B68E-7D288D513D41}.Debug|x86.ActiveCfg = Debug|Any CPU
		{566C61AB-7245-443F-B68E-7D288D513D41}.Debug|x86.Build.0 = Debug|Any CPU
		{566C61AB-7245-443F-B68E-7D288D513D41}.Release|Any CPU.ActiveCfg = Release|Any CPU
		{566C61AB-7245-443F-B68E-7D288D513D41}.Release|Any CPU.Build.0 = Release|Any CPU
		{566C61AB-7245-443F-B68E-7D288D513D41}.Release|x64.ActiveCfg = Release|Any CPU
		{566C61AB-7245-443F-B68E-7D288D513D41}.Release|x64.Build.0 = Release|Any CPU
		{566C61AB-7245-443F-B68E-7D288D513D41}.Release|x86.ActiveCfg = Release|Any CPU
		{566C61AB-7245-443F-B68E-7D288D513D41}.Release|x86.Build.0 = Release|Any CPU
		{51DB3B7A-69F8-49AC-A6C0-A6600BD67537}.Debug|Any CPU.ActiveCfg = Debug|Any CPU
		{51DB3B7A-69F8-49AC-A6C0-A6600BD67537}.Debug|Any CPU.Build.0 = Debug|Any CPU
		{51DB3B7A-69F8-49AC-A6C0-A6600BD67537}.Debug|x64.ActiveCfg = Debug|Any CPU
		{51DB3B7A-69F8-49AC-A6C0-A6600BD67537}.Debug|x64.Build.0 = Debug|Any CPU
		{51DB3B7A-69F8-49AC-A6C0-A6600BD67537}.Debug|x86.ActiveCfg = Debug|Any CPU
		{51DB3B7A-69F8-49AC-A6C0-A6600BD67537}.Debug|x86.Build.0 = Debug|Any CPU
		{51DB3B7A-69F8-49AC-A6C0-A6600BD67537}.Release|Any CPU.ActiveCfg = Release|Any CPU
		{51DB3B7A-69F8-49AC-A6C0-A6600BD67537}.Release|Any CPU.Build.0 = Release|Any CPU
		{51DB3B7A-69F8-49AC-A6C0-A6600BD67537}.Release|x64.ActiveCfg = Release|Any CPU
		{51DB3B7A-69F8-49AC-A6C0-A6600BD67537}.Release|x64.Build.0 = Release|Any CPU
		{51DB3B7A-69F8-49AC-A6C0-A6600BD67537}.Release|x86.ActiveCfg = Release|Any CPU
		{51DB3B7A-69F8-49AC-A6C0-A6600BD67537}.Release|x86.Build.0 = Release|Any CPU
		{CBCB99F9-3CFD-4BA5-AE13-1C4303B64F30}.Debug|Any CPU.ActiveCfg = Debug|Any CPU
		{CBCB99F9-3CFD-4BA5-AE13-1C4303B64F30}.Debug|Any CPU.Build.0 = Debug|Any CPU
		{CBCB99F9-3CFD-4BA5-AE13-1C4303B64F30}.Debug|x64.ActiveCfg = Debug|Any CPU
		{CBCB99F9-3CFD-4BA5-AE13-1C4303B64F30}.Debug|x64.Build.0 = Debug|Any CPU
		{CBCB99F9-3CFD-4BA5-AE13-1C4303B64F30}.Debug|x86.ActiveCfg = Debug|Any CPU
		{CBCB99F9-3CFD-4BA5-AE13-1C4303B64F30}.Debug|x86.Build.0 = Debug|Any CPU
		{CBCB99F9-3CFD-4BA5-AE13-1C4303B64F30}.Release|Any CPU.ActiveCfg = Release|Any CPU
		{CBCB99F9-3CFD-4BA5-AE13-1C4303B64F30}.Release|Any CPU.Build.0 = Release|Any CPU
		{CBCB99F9-3CFD-4BA5-AE13-1C4303B64F30}.Release|x64.ActiveCfg = Release|Any CPU
		{CBCB99F9-3CFD-4BA5-AE13-1C4303B64F30}.Release|x64.Build.0 = Release|Any CPU
		{CBCB99F9-3CFD-4BA5-AE13-1C4303B64F30}.Release|x86.ActiveCfg = Release|Any CPU
		{CBCB99F9-3CFD-4BA5-AE13-1C4303B64F30}.Release|x86.Build.0 = Release|Any CPU
		{C19F3493-AC05-46F6-A748-2C6F6B4F6F0C}.Debug|Any CPU.ActiveCfg = Debug|Any CPU
		{C19F3493-AC05-46F6-A748-2C6F6B4F6F0C}.Debug|Any CPU.Build.0 = Debug|Any CPU
		{C19F3493-AC05-46F6-A748-2C6F6B4F6F0C}.Debug|x64.ActiveCfg = Debug|Any CPU
		{C19F3493-AC05-46F6-A748-2C6F6B4F6F0C}.Debug|x64.Build.0 = Debug|Any CPU
		{C19F3493-AC05-46F6-A748-2C6F6B4F6F0C}.Debug|x86.ActiveCfg = Debug|Any CPU
		{C19F3493-AC05-46F6-A748-2C6F6B4F6F0C}.Debug|x86.Build.0 = Debug|Any CPU
		{C19F3493-AC05-46F6-A748-2C6F6B4F6F0C}.Release|Any CPU.ActiveCfg = Release|Any CPU
		{C19F3493-AC05-46F6-A748-2C6F6B4F6F0C}.Release|Any CPU.Build.0 = Release|Any CPU
		{C19F3493-AC05-46F6-A748-2C6F6B4F6F0C}.Release|x64.ActiveCfg = Release|Any CPU
		{C19F3493-AC05-46F6-A748-2C6F6B4F6F0C}.Release|x64.Build.0 = Release|Any CPU
		{C19F3493-AC05-46F6-A748-2C6F6B4F6F0C}.Release|x86.ActiveCfg = Release|Any CPU
		{C19F3493-AC05-46F6-A748-2C6F6B4F6F0C}.Release|x86.Build.0 = Release|Any CPU
		{D781C528-2B18-43FC-B7FC-5F2ED6656E4D}.Debug|Any CPU.ActiveCfg = Debug|Any CPU
		{D781C528-2B18-43FC-B7FC-5F2ED6656E4D}.Debug|Any CPU.Build.0 = Debug|Any CPU
		{D781C528-2B18-43FC-B7FC-5F2ED6656E4D}.Debug|x64.ActiveCfg = Debug|Any CPU
		{D781C528-2B18-43FC-B7FC-5F2ED6656E4D}.Debug|x64.Build.0 = Debug|Any CPU
		{D781C528-2B18-43FC-B7FC-5F2ED6656E4D}.Debug|x86.ActiveCfg = Debug|Any CPU
		{D781C528-2B18-43FC-B7FC-5F2ED6656E4D}.Debug|x86.Build.0 = Debug|Any CPU
		{D781C528-2B18-43FC-B7FC-5F2ED6656E4D}.Release|Any CPU.ActiveCfg = Release|Any CPU
		{D781C528-2B18-43FC-B7FC-5F2ED6656E4D}.Release|Any CPU.Build.0 = Release|Any CPU
		{D781C528-2B18-43FC-B7FC-5F2ED6656E4D}.Release|x64.ActiveCfg = Release|Any CPU
		{D781C528-2B18-43FC-B7FC-5F2ED6656E4D}.Release|x64.Build.0 = Release|Any CPU
		{D781C528-2B18-43FC-B7FC-5F2ED6656E4D}.Release|x86.ActiveCfg = Release|Any CPU
		{D781C528-2B18-43FC-B7FC-5F2ED6656E4D}.Release|x86.Build.0 = Release|Any CPU
		{DC232EFB-EEC0-4FB6-A8D8-1DE4E0B05EF0}.Debug|Any CPU.ActiveCfg = Debug|Any CPU
		{DC232EFB-EEC0-4FB6-A8D8-1DE4E0B05EF0}.Debug|Any CPU.Build.0 = Debug|Any CPU
		{DC232EFB-EEC0-4FB6-A8D8-1DE4E0B05EF0}.Debug|x64.ActiveCfg = Debug|Any CPU
		{DC232EFB-EEC0-4FB6-A8D8-1DE4E0B05EF0}.Debug|x64.Build.0 = Debug|Any CPU
		{DC232EFB-EEC0-4FB6-A8D8-1DE4E0B05EF0}.Debug|x86.ActiveCfg = Debug|Any CPU
		{DC232EFB-EEC0-4FB6-A8D8-1DE4E0B05EF0}.Debug|x86.Build.0 = Debug|Any CPU
		{DC232EFB-EEC0-4FB6-A8D8-1DE4E0B05EF0}.Release|Any CPU.ActiveCfg = Release|Any CPU
		{DC232EFB-EEC0-4FB6-A8D8-1DE4E0B05EF0}.Release|Any CPU.Build.0 = Release|Any CPU
		{DC232EFB-EEC0-4FB6-A8D8-1DE4E0B05EF0}.Release|x64.ActiveCfg = Release|Any CPU
		{DC232EFB-EEC0-4FB6-A8D8-1DE4E0B05EF0}.Release|x64.Build.0 = Release|Any CPU
		{DC232EFB-EEC0-4FB6-A8D8-1DE4E0B05EF0}.Release|x86.ActiveCfg = Release|Any CPU
		{DC232EFB-EEC0-4FB6-A8D8-1DE4E0B05EF0}.Release|x86.Build.0 = Release|Any CPU
		{B5606A31-1F51-46E4-A4DC-66DE583BD69D}.Debug|Any CPU.ActiveCfg = Debug|Any CPU
		{B5606A31-1F51-46E4-A4DC-66DE583BD69D}.Debug|Any CPU.Build.0 = Debug|Any CPU
		{B5606A31-1F51-46E4-A4DC-66DE583BD69D}.Debug|x64.ActiveCfg = Debug|Any CPU
		{B5606A31-1F51-46E4-A4DC-66DE583BD69D}.Debug|x64.Build.0 = Debug|Any CPU
		{B5606A31-1F51-46E4-A4DC-66DE583BD69D}.Debug|x86.ActiveCfg = Debug|Any CPU
		{B5606A31-1F51-46E4-A4DC-66DE583BD69D}.Debug|x86.Build.0 = Debug|Any CPU
		{B5606A31-1F51-46E4-A4DC-66DE583BD69D}.Release|Any CPU.ActiveCfg = Release|Any CPU
		{B5606A31-1F51-46E4-A4DC-66DE583BD69D}.Release|Any CPU.Build.0 = Release|Any CPU
		{B5606A31-1F51-46E4-A4DC-66DE583BD69D}.Release|x64.ActiveCfg = Release|Any CPU
		{B5606A31-1F51-46E4-A4DC-66DE583BD69D}.Release|x64.Build.0 = Release|Any CPU
		{B5606A31-1F51-46E4-A4DC-66DE583BD69D}.Release|x86.ActiveCfg = Release|Any CPU
		{B5606A31-1F51-46E4-A4DC-66DE583BD69D}.Release|x86.Build.0 = Release|Any CPU
		{A3D1347B-786B-4AFE-A7D8-CDCF55BBEC54}.Debug|Any CPU.ActiveCfg = Debug|Win32
		{A3D1347B-786B-4AFE-A7D8-CDCF55BBEC54}.Debug|x64.ActiveCfg = Debug|x64
		{A3D1347B-786B-4AFE-A7D8-CDCF55BBEC54}.Debug|x64.Build.0 = Debug|x64
		{A3D1347B-786B-4AFE-A7D8-CDCF55BBEC54}.Debug|x86.ActiveCfg = Debug|Win32
		{A3D1347B-786B-4AFE-A7D8-CDCF55BBEC54}.Debug|x86.Build.0 = Debug|Win32
		{A3D1347B-786B-4AFE-A7D8-CDCF55BBEC54}.Release|Any CPU.ActiveCfg = Release|Win32
		{A3D1347B-786B-4AFE-A7D8-CDCF55BBEC54}.Release|x64.ActiveCfg = Release|x64
		{A3D1347B-786B-4AFE-A7D8-CDCF55BBEC54}.Release|x64.Build.0 = Release|x64
		{A3D1347B-786B-4AFE-A7D8-CDCF55BBEC54}.Release|x86.ActiveCfg = Release|Win32
		{A3D1347B-786B-4AFE-A7D8-CDCF55BBEC54}.Release|x86.Build.0 = Release|Win32
		{2EBF0D5E-7697-4A1F-8715-7F7023EF13CC}.Debug|Any CPU.ActiveCfg = Debug|Any CPU
		{2EBF0D5E-7697-4A1F-8715-7F7023EF13CC}.Debug|Any CPU.Build.0 = Debug|Any CPU
		{2EBF0D5E-7697-4A1F-8715-7F7023EF13CC}.Debug|x64.ActiveCfg = Debug|Any CPU
		{2EBF0D5E-7697-4A1F-8715-7F7023EF13CC}.Debug|x64.Build.0 = Debug|Any CPU
		{2EBF0D5E-7697-4A1F-8715-7F7023EF13CC}.Debug|x86.ActiveCfg = Debug|Any CPU
		{2EBF0D5E-7697-4A1F-8715-7F7023EF13CC}.Debug|x86.Build.0 = Debug|Any CPU
		{2EBF0D5E-7697-4A1F-8715-7F7023EF13CC}.Release|Any CPU.ActiveCfg = Release|Any CPU
		{2EBF0D5E-7697-4A1F-8715-7F7023EF13CC}.Release|Any CPU.Build.0 = Release|Any CPU
		{2EBF0D5E-7697-4A1F-8715-7F7023EF13CC}.Release|x64.ActiveCfg = Release|Any CPU
		{2EBF0D5E-7697-4A1F-8715-7F7023EF13CC}.Release|x64.Build.0 = Release|Any CPU
		{2EBF0D5E-7697-4A1F-8715-7F7023EF13CC}.Release|x86.ActiveCfg = Release|Any CPU
		{2EBF0D5E-7697-4A1F-8715-7F7023EF13CC}.Release|x86.Build.0 = Release|Any CPU
		{D630D123-9932-4901-A733-4EF20E96A8E2}.Debug|Any CPU.ActiveCfg = Debug|Any CPU
		{D630D123-9932-4901-A733-4EF20E96A8E2}.Debug|Any CPU.Build.0 = Debug|Any CPU
		{D630D123-9932-4901-A733-4EF20E96A8E2}.Debug|x64.ActiveCfg = Debug|Any CPU
		{D630D123-9932-4901-A733-4EF20E96A8E2}.Debug|x64.Build.0 = Debug|Any CPU
		{D630D123-9932-4901-A733-4EF20E96A8E2}.Debug|x86.ActiveCfg = Debug|Any CPU
		{D630D123-9932-4901-A733-4EF20E96A8E2}.Debug|x86.Build.0 = Debug|Any CPU
		{D630D123-9932-4901-A733-4EF20E96A8E2}.Release|Any CPU.ActiveCfg = Release|Any CPU
		{D630D123-9932-4901-A733-4EF20E96A8E2}.Release|Any CPU.Build.0 = Release|Any CPU
		{D630D123-9932-4901-A733-4EF20E96A8E2}.Release|x64.ActiveCfg = Release|Any CPU
		{D630D123-9932-4901-A733-4EF20E96A8E2}.Release|x64.Build.0 = Release|Any CPU
		{D630D123-9932-4901-A733-4EF20E96A8E2}.Release|x86.ActiveCfg = Release|Any CPU
		{D630D123-9932-4901-A733-4EF20E96A8E2}.Release|x86.Build.0 = Release|Any CPU
		{903D7E83-2AB9-4274-B134-C356AA37F4FC}.Debug|Any CPU.ActiveCfg = Debug|Any CPU
		{903D7E83-2AB9-4274-B134-C356AA37F4FC}.Debug|Any CPU.Build.0 = Debug|Any CPU
		{903D7E83-2AB9-4274-B134-C356AA37F4FC}.Debug|x64.ActiveCfg = Debug|Any CPU
		{903D7E83-2AB9-4274-B134-C356AA37F4FC}.Debug|x64.Build.0 = Debug|Any CPU
		{903D7E83-2AB9-4274-B134-C356AA37F4FC}.Debug|x86.ActiveCfg = Debug|Any CPU
		{903D7E83-2AB9-4274-B134-C356AA37F4FC}.Debug|x86.Build.0 = Debug|Any CPU
		{903D7E83-2AB9-4274-B134-C356AA37F4FC}.Release|Any CPU.ActiveCfg = Release|Any CPU
		{903D7E83-2AB9-4274-B134-C356AA37F4FC}.Release|Any CPU.Build.0 = Release|Any CPU
		{903D7E83-2AB9-4274-B134-C356AA37F4FC}.Release|x64.ActiveCfg = Release|Any CPU
		{903D7E83-2AB9-4274-B134-C356AA37F4FC}.Release|x64.Build.0 = Release|Any CPU
		{903D7E83-2AB9-4274-B134-C356AA37F4FC}.Release|x86.ActiveCfg = Release|Any CPU
		{903D7E83-2AB9-4274-B134-C356AA37F4FC}.Release|x86.Build.0 = Release|Any CPU
	EndGlobalSection
	GlobalSection(SolutionProperties) = preSolution
		HideSolutionNode = FALSE
	EndGlobalSection
	GlobalSection(ExtensibilityGlobals) = postSolution
		SolutionGuid = {4AB22146-6DB5-4FE2-A727-688D231CF536}
	EndGlobalSection
EndGlobal
